
Microsoft Visual Studio Solution File, Format Version 12.00
# Visual Studio 14
VisualStudioVersion = 14.0.25420.1
MinimumVisualStudioVersion = 10.0.40219.1
Project("{FAE04EC0-301F-11D3-BF4B-00C04F79EFBC}") = "VmTranslator", "VmTranslator\VmTranslator.csproj", "{92BCFF9C-0E10-4407-A829-F598F9222567}"
EndProject
Project("{FAE04EC0-301F-11D3-BF4B-00C04F79EFBC}") = "VmTranslatorTests", "VmTranslatorTests\VmTranslatorTests.csproj", "{26F5AF45-E226-43E0-8370-68481997BA31}"
EndProject
Global
	GlobalSection(SolutionConfigurationPlatforms) = preSolution
		Debug|Any CPU = Debug|Any CPU
		Release|Any CPU = Release|Any CPU
	EndGlobalSection
	GlobalSection(ProjectConfigurationPlatforms) = postSolution
		{92BCFF9C-0E10-4407-A829-F598F9222567}.Debug|Any CPU.ActiveCfg = Debug|Any CPU
		{92BCFF9C-0E10-4407-A829-F598F9222567}.Debug|Any CPU.Build.0 = Debug|Any CPU
		{92BCFF9C-0E10-4407-A829-F598F9222567}.Release|Any CPU.ActiveCfg = Release|Any CPU
		{92BCFF9C-0E10-4407-A829-F598F9222567}.Release|Any CPU.Build.0 = Release|Any CPU
		{26F5AF45-E226-43E0-8370-68481997BA31}.Debug|Any CPU.ActiveCfg = Debug|Any CPU
		{26F5AF45-E226-43E0-8370-68481997BA31}.Debug|Any CPU.Build.0 = Debug|Any CPU
		{26F5AF45-E226-43E0-8370-68481997BA31}.Release|Any CPU.ActiveCfg = Release|Any CPU
		{26F5AF45-E226-43E0-8370-68481997BA31}.Release|Any CPU.Build.0 = Release|Any CPU
	EndGlobalSection
	GlobalSection(SolutionProperties) = preSolution
		HideSolutionNode = FALSE
	EndGlobalSection
EndGlobal
